<?xml version="1.0" encoding="utf-8"?>
<Project ToolsVersion="4.0" xmlns="http://schemas.microsoft.com/developer/msbuild/2003">
  <ItemGroup>
    <Filter Include="Source Files">
      <UniqueIdentifier>{4FC737F1-C7A5-4376-A066-2A32D752A2FF}</UniqueIdentifier>
      <Extensions>cpp;c;cc;cxx;c++;cppm;ixx;def;odl;idl;hpj;bat;asm;asmx</Extensions>
    </Filter>
    <Filter Include="Header Files">
      <UniqueIdentifier>{93995380-89BD-4b04-88EB-625FBE52EBFB}</UniqueIdentifier>
      <Extensions>h;hh;hpp;hxx;h++;hm;inl;inc;ipp;xsd</Extensions>
    </Filter>
    <Filter Include="Resource Files">
      <UniqueIdentifier>{67DA6AB6-F800-4c08-8B7A-83BB121AAD01}</UniqueIdentifier>
      <Extensions>rc;ico;cur;bmp;dlg;rc2;rct;bin;rgs;gif;jpg;jpeg;jpe;resx;tiff;tif;png;wav;mfcribbon-ms</Extensions>
    </Filter>
    <Filter Include="Source Files\Course 7 %28Problem Solving%29">
      <UniqueIdentifier>{12df6178-6f32-421c-9427-988aa1e29a3d}</UniqueIdentifier>
    </Filter>
    <Filter Include="Source Files\Course 5 %28Problem Solving%29">
      <UniqueIdentifier>{499ef3e5-8f6d-43a6-93aa-c10bdd5f05c4}</UniqueIdentifier>
    </Filter>
  </ItemGroup>
  <ItemGroup>
    <ClCompile Include="Inverted_Number_Pattern.cpp">
      <Filter>Source Files\Course 5 %28Problem Solving%29</Filter>
    </ClCompile>
    <ClCompile Include="PS L2 Number_Pattern.cpp">
      <Filter>Source Files\Course 5 %28Problem Solving%29</Filter>
    </ClCompile>
    <ClCompile Include="Inverted Letter Pattern.cpp">
      <Filter>Source Files\Course 5 %28Problem Solving%29</Filter>
    </ClCompile>
    <ClCompile Include="Letter Pattern.cpp">
      <Filter>Source Files\Course 5 %28Problem Solving%29</Filter>
    </ClCompile>
    <ClCompile Include="PS L3 P1 3x3 Random matrix.cpp">
      <Filter>Source Files\Course 7 %28Problem Solving%29</Filter>
    </ClCompile>
    <ClCompile Include="PS L3 P2 Sum Each Row in Matrix (2).cpp">
      <Filter>Source Files\Course 7 %28Problem Solving%29</Filter>
    </ClCompile>
    <ClCompile Include="PS L3 P4 sum Each Column in Matrix to Arry.cpp">
      <Filter>Source Files\Course 7 %28Problem Solving%29</Filter>
    </ClCompile>
    <ClCompile Include="PS L3  P14 Check Sparce Matrix.cpp">
      <Filter>Source Files\Course 7 %28Problem Solving%29</Filter>
    </ClCompile>
    <ClCompile Include="PS L3 P15 Count Number in Matrix.cpp">
      <Filter>Source Files\Course 7 %28Problem Solving%29</Filter>
    </ClCompile>
    <ClCompile Include="PS L3 P6 3x3 Ordered Matrix.cpp">
      <Filter>Source Files\Course 7 %28Problem Solving%29</Filter>
    </ClCompile>
    <ClCompile Include="PS L3 P7 Traspose Matrix (1).cpp">
      <Filter>Source Files\Course 7 %28Problem Solving%29</Filter>
    </ClCompile>
    <ClCompile Include="PS L3 P8  Multiply Two Matrices.cpp">
      <Filter>Source Files\Course 7 %28Problem Solving%29</Filter>
    </ClCompile>
    <ClCompile Include="PS L3 P9 Print Middle Row and Col of Matrix.cpp">
      <Filter>Source Files\Course 7 %28Problem Solving%29</Filter>
    </ClCompile>
    <ClCompile Include="PS L3 N11  Check Matrices Equality.cpp">
      <Filter>Source Files\Course 7 %28Problem Solving%29</Filter>
    </ClCompile>
    <ClCompile Include="PS L3 P12 Check Typical  Matrices.cpp">
      <Filter>Source Files\Course 7 %28Problem Solving%29</Filter>
    </ClCompile>
    <ClCompile Include="PS L3 P13 Check Identity Matrix.cpp">
      <Filter>Source Files\Course 7 %28Problem Solving%29</Filter>
    </ClCompile>
    <ClCompile Include="PS L3 P16 Check Sparse Matrix(2).cpp">
      <Filter>Source Files\Course 7 %28Problem Solving%29</Filter>
    </ClCompile>
    <ClCompile Include="PS L3 P16 Check Sparse Matrix.cpp">
      <Filter>Source Files\Course 7 %28Problem Solving%29</Filter>
    </ClCompile>
    <ClCompile Include="PS L2  P2 Print all  prime Numbers 1 to n.cpp">
      <Filter>Source Files\Course 5 %28Problem Solving%29</Filter>
    </ClCompile>
    <ClCompile Include="PS L2  P3 Perfect Number.cpp">
      <Filter>Source Files\Course 5 %28Problem Solving%29</Filter>
    </ClCompile>
    <ClCompile Include="PS L2 P4 Perfect Number from 1 to N (my).cpp">
      <Filter>Source Files\Course 5 %28Problem Solving%29</Filter>
    </ClCompile>
    <ClCompile Include="PS L2 P5 Print Digits in a reversed order.cpp">
      <Filter>Source Files\Course 5 %28Problem Solving%29</Filter>
    </ClCompile>
    <ClCompile Include="PS L2 P6 sum of Digits.cpp">
      <Filter>Source Files\Course 5 %28Problem Solving%29</Filter>
    </ClCompile>
    <ClCompile Include="PS L2 P7 revers Number.cpp">
      <Filter>Source Files\Course 5 %28Problem Solving%29</Filter>
    </ClCompile>
    <ClCompile Include="PS L2 P8 Digit frequency.cpp">
      <Filter>Source Files\Course 5 %28Problem Solving%29</Filter>
    </ClCompile>
    <ClCompile Include="PS L2 P9 Digit Frequency.cpp">
      <Filter>Source Files\Course 5 %28Problem Solving%29</Filter>
    </ClCompile>
    <ClCompile Include="PS L2 P10  print Digits in oreder.cpp">
      <Filter>Source Files\Course 5 %28Problem Solving%29</Filter>
    </ClCompile>
    <ClCompile Include="PS L3 P17 Number Exists In Matrix.cpp">
      <Filter>Source Files\Course 7 %28Problem Solving%29</Filter>
    </ClCompile>
    <ClCompile Include="PS L2 P10 Sum Of Matrix.cpp">
      <Filter>Source Files\Course 5 %28Problem Solving%29</Filter>
    </ClCompile>
    <ClCompile Include="PS L3 P18 Intersected Numbers in Matrices.cpp">
      <Filter>Source Files\Course 7 %28Problem Solving%29</Filter>
    </ClCompile>
    <ClCompile Include="PS L3 P19 Min_Max Number in Matrix.cpp">
      <Filter>Source Files\Course 7 %28Problem Solving%29</Filter>
    </ClCompile>
    <ClCompile Include="PS L3 Palindrom Matrix.cpp">
      <Filter>Source Files\Course 7 %28Problem Solving%29</Filter>
    </ClCompile>
    <ClCompile Include="PS L3 P21 Fibonacci Series.cpp">
      <Filter>Source Files\Course 7 %28Problem Solving%29</Filter>
    </ClCompile>
    <ClCompile Include="PS L2 P11 Palindrome Number.cpp">
      <Filter>Source Files\Course 5 %28Problem Solving%29</Filter>
    </ClCompile>
    <ClCompile Include="PS L2 P12 Inverted Number pattern.cpp">
      <Filter>Source Files\Course 5 %28Problem Solving%29</Filter>
    </ClCompile>
    <ClCompile Include="PS L2 P13 Number Pattern.cpp">
      <Filter>Source Files\Course 5 %28Problem Solving%29</Filter>
    </ClCompile>
    <ClCompile Include="PS L2 P14 Inverted Letter Pattern.cpp">
      <Filter>Source Files\Course 5 %28Problem Solving%29</Filter>
    </ClCompile>
    <ClCompile Include="PS L2 P15 Letter Pattern.cpp">
      <Filter>Source Files\Course 5 %28Problem Solving%29</Filter>
    </ClCompile>
    <ClCompile Include="PS L2 P16 Print All words from AAA to ZZZ.cpp">
      <Filter>Source Files\Course 5 %28Problem Solving%29</Filter>
    </ClCompile>
    <ClCompile Include="PS L2 P17 Guess a 3_Letter Password.cpp">
      <Filter>Source Files\Course 5 %28Problem Solving%29</Filter>
    </ClCompile>
    <ClCompile Include="PS L2 P18 Encrypt,Decrypt Text.cpp">
      <Filter>Source Files\Course 5 %28Problem Solving%29</Filter>
    </ClCompile>
    <ClCompile Include="PS L2 P19 Random Numbers form  1 to 3.cpp">
      <Filter>Source Files\Course 5 %28Problem Solving%29</Filter>
    </ClCompile>
    <ClCompile Include="PS L2 P 21 Generate Keys.cpp">
      <Filter>Source Files\Course 5 %28Problem Solving%29</Filter>
    </ClCompile>
    <ClCompile Include="PS L2 P22 Repeated Elements Count in Arry.cpp">
      <Filter>Source Files\Course 5 %28Problem Solving%29</Filter>
    </ClCompile>
    <ClCompile Include="PS L3 P22 Fibonacci Series with Recusion.cpp">
      <Filter>Source Files\Course 7 %28Problem Solving%29</Filter>
    </ClCompile>
    <ClCompile Include="PS L3 P23 Print First Letter Of Each Word.cpp">
      <Filter>Source Files\Course 7 %28Problem Solving%29</Filter>
    </ClCompile>
    <ClCompile Include="PS L3 P24 Upper First Letter of Each Word.cpp">
      <Filter>Source Files\Course 7 %28Problem Solving%29</Filter>
    </ClCompile>
    <ClCompile Include="PS L3 P25 Lower First Letter of Each Word.cpp">
      <Filter>Source Files\Course 7 %28Problem Solving%29</Filter>
    </ClCompile>
    <ClCompile Include="PS L3 P26 Upper_Lower All Letters of a String.cpp">
      <Filter>Source Files\Course 7 %28Problem Solving%29</Filter>
    </ClCompile>
    <ClCompile Include="PS L3  P27 Invert Charcter Case.cpp">
      <Filter>Source Files\Course 7 %28Problem Solving%29</Filter>
    </ClCompile>
    <ClCompile Include="PS L3 P28  Invert All Letters Case.cpp">
      <Filter>Source Files\Course 7 %28Problem Solving%29</Filter>
    </ClCompile>
    <ClCompile Include="PS L3 P29 Count Small_Capital Letters.cpp">
      <Filter>Source Files\Course 7 %28Problem Solving%29</Filter>
    </ClCompile>
    <ClCompile Include="PS L3 P30 Count Letters.cpp">
      <Filter>Source Files\Course 7 %28Problem Solving%29</Filter>
    </ClCompile>
    <ClCompile Include="PS L3 P31 Count Letters (Match Case).cpp">
      <Filter>Source Files\Course 7 %28Problem Solving%29</Filter>
    </ClCompile>
    <ClCompile Include="PS L3 P 32 Is Vowel.cpp">
      <Filter>Source Files\Course 7 %28Problem Solving%29</Filter>
    </ClCompile>
    <ClCompile Include="PS L3 P34 Print All Vowel In String.cpp">
      <Filter>Source Files\Course 7 %28Problem Solving%29</Filter>
    </ClCompile>
    <ClCompile Include="PS L3 P33 Count Vowels.cpp">
      <Filter>Source Files\Course 7 %28Problem Solving%29</Filter>
    </ClCompile>
    <ClCompile Include="PS L3 P35 Print Each Word Of String.cpp">
      <Filter>Source Files\Course 7 %28Problem Solving%29</Filter>
    </ClCompile>
    <ClCompile Include="PS L3 P36 Count Each Word in String.cpp">
      <Filter>Source Files\Course 7 %28Problem Solving%29</Filter>
    </ClCompile>
    <ClCompile Include="PS L3 P37 Split String.cpp">
      <Filter>Source Files\Course 7 %28Problem Solving%29</Filter>
    </ClCompile>
    <ClCompile Include="PS L3 P38 Trim Left ,Trim Right,Trim.cpp">
      <Filter>Source Files\Course 7 %28Problem Solving%29</Filter>
    </ClCompile>
    <ClCompile Include="PS L3 P39 Join String.cpp">
      <Filter>Source Files\Course 7 %28Problem Solving%29</Filter>
    </ClCompile>
    <ClCompile Include="PS L3 P40 Join String   OverLoading.cpp">
      <Filter>Source Files\Course 7 %28Problem Solving%29</Filter>
    </ClCompile>
    <ClCompile Include="PS L3 P41 Reverse Word.cpp">
      <Filter>Source Files\Course 7 %28Problem Solving%29</Filter>
    </ClCompile>
    <ClCompile Include="PS L3 P42 Replace Words.cpp">
      <Filter>Source Files\Course 7 %28Problem Solving%29</Filter>
    </ClCompile>
    <ClCompile Include="PS L3 P42 Replace Words Using Replace Function.cpp">
      <Filter>Source Files\Course 7 %28Problem Solving%29</Filter>
    </ClCompile>
    <ClCompile Include="PS L3 P44 Remove Punctuations.cpp">
      <Filter>Source Files\Course 7 %28Problem Solving%29</Filter>
    </ClCompile>
    <ClCompile Include="PS L3 P45 Convert Record to Line.cpp">
      <Filter>Source Files\Course 7 %28Problem Solving%29</Filter>
    </ClCompile>
    <ClCompile Include="PS L3 P46  Add Clients to File.cpp">
      <Filter>Source Files\Course 7 %28Problem Solving%29</Filter>
    </ClCompile>
    <ClCompile Include="PS L3 P47 Add Clints to File.cpp">
      <Filter>Source Files\Course 7 %28Problem Solving%29</Filter>
    </ClCompile>
    <ClCompile Include="PS L3 P48 Show All All Clints.cpp">
      <Filter>Source Files\Course 7 %28Problem Solving%29</Filter>
    </ClCompile>
    <ClCompile Include="PS L3 P49 Find Clint By Account Number.cpp">
      <Filter>Source Files\Course 7 %28Problem Solving%29</Filter>
    </ClCompile>
    <ClCompile Include="PS L3 P50 Delete CLient By Account Number.cpp">
      <Filter>Source Files\Course 7 %28Problem Solving%29</Filter>
    </ClCompile>
  </ItemGroup>
  <ItemGroup>
    <ClInclude Include="MyLibe.h">
      <Filter>Header Files</Filter>
    </ClInclude>
  </ItemGroup>
</Project>