<?xml version="1.0" encoding="utf-8"?>
<Project ToolsVersion="4.0" xmlns="http://schemas.microsoft.com/developer/msbuild/2003">
  <ItemGroup>
    <Filter Include="Source Files">
      <UniqueIdentifier>{4FC737F1-C7A5-4376-A066-2A32D752A2FF}</UniqueIdentifier>
      <Extensions>cpp;c;cc;cxx;c++;cppm;ixx;def;odl;idl;hpj;bat;asm;asmx</Extensions>
    </Filter>
    <Filter Include="Header Files">
      <UniqueIdentifier>{93995380-89BD-4b04-88EB-625FBE52EBFB}</UniqueIdentifier>
      <Extensions>h;hh;hpp;hxx;h++;hm;inl;inc;ipp;xsd</Extensions>
    </Filter>
    <Filter Include="Resource Files">
      <UniqueIdentifier>{67DA6AB6-F800-4c08-8B7A-83BB121AAD01}</UniqueIdentifier>
      <Extensions>rc;ico;cur;bmp;dlg;rc2;rct;bin;rgs;gif;jpg;jpeg;jpe;resx;tiff;tif;png;wav;mfcribbon-ms</Extensions>
    </Filter>
    <Filter Include="Source Files\Course 7 %28Problem Solving%29">
      <UniqueIdentifier>{12df6178-6f32-421c-9427-988aa1e29a3d}</UniqueIdentifier>
    </Filter>
    <Filter Include="Source Files\Course 5 %28Problem Solving%29">
      <UniqueIdentifier>{499ef3e5-8f6d-43a6-93aa-c10bdd5f05c4}</UniqueIdentifier>
    </Filter>
  </ItemGroup>
  <ItemGroup>
    <ClCompile Include="Inverted_Number_Pattern.cpp">
      <Filter>Source Files\Course 5 %28Problem Solving%29</Filter>
    </ClCompile>
    <ClCompile Include="PS L2 Number_Pattern.cpp">
      <Filter>Source Files\Course 5 %28Problem Solving%29</Filter>
    </ClCompile>
    <ClCompile Include="Inverted Letter Pattern.cpp">
      <Filter>Source Files\Course 5 %28Problem Solving%29</Filter>
    </ClCompile>
    <ClCompile Include="Letter Pattern.cpp">
      <Filter>Source Files\Course 5 %28Problem Solving%29</Filter>
    </ClCompile>
    <ClCompile Include="MyLibe.h">
      <Filter>Header Files</Filter>
    </ClCompile>
    <ClCompile Include="PS L3 P1 3x3 Random matrix.cpp">
      <Filter>Source Files\Course 7 %28Problem Solving%29</Filter>
    </ClCompile>
    <ClCompile Include="PS L3 P2 Sum Each Row in Matrix (2).cpp">
      <Filter>Source Files\Course 7 %28Problem Solving%29</Filter>
    </ClCompile>
    <ClCompile Include="PS L3 P4 sum Each Column in Matrix to Arry.cpp">
      <Filter>Source Files\Course 7 %28Problem Solving%29</Filter>
    </ClCompile>
    <ClCompile Include="PS L3  P14 Check Sparce Matrix.cpp">
      <Filter>Source Files\Course 7 %28Problem Solving%29</Filter>
    </ClCompile>
    <ClCompile Include="PS L3 P15 Count Number in Matrix.cpp">
      <Filter>Source Files\Course 7 %28Problem Solving%29</Filter>
    </ClCompile>
    <ClCompile Include="PS L3 P6 3x3 Ordered Matrix.cpp">
      <Filter>Source Files\Course 7 %28Problem Solving%29</Filter>
    </ClCompile>
    <ClCompile Include="PS L3 P7 Traspose Matrix (1).cpp">
      <Filter>Source Files\Course 7 %28Problem Solving%29</Filter>
    </ClCompile>
    <ClCompile Include="PS L3 P8  Multiply Two Matrices.cpp">
      <Filter>Source Files\Course 7 %28Problem Solving%29</Filter>
    </ClCompile>
    <ClCompile Include="PS L3 P9 Print Middle Row and Col of Matrix.cpp">
      <Filter>Source Files\Course 7 %28Problem Solving%29</Filter>
    </ClCompile>
    <ClCompile Include="PS L3 P10 Sum Of Matrix.cpp">
      <Filter>Source Files\Course 7 %28Problem Solving%29</Filter>
    </ClCompile>
    <ClCompile Include="PS L3 N11  Check Matrices Equality.cpp">
      <Filter>Source Files\Course 7 %28Problem Solving%29</Filter>
    </ClCompile>
    <ClCompile Include="PS L3 P12 Check Typical  Matrices.cpp">
      <Filter>Source Files\Course 7 %28Problem Solving%29</Filter>
    </ClCompile>
    <ClCompile Include="PS L3 P13 Check Identity Matrix.cpp">
      <Filter>Source Files\Course 7 %28Problem Solving%29</Filter>
    </ClCompile>
    <ClCompile Include="PS L3 P16 Check Sparse Matrix(2).cpp">
      <Filter>Source Files\Course 7 %28Problem Solving%29</Filter>
    </ClCompile>
    <ClCompile Include="PS L3 P16 Check Sparse Matrix.cpp">
      <Filter>Source Files\Course 7 %28Problem Solving%29</Filter>
    </ClCompile>
    <ClCompile Include="PS L2  P2 Print all  prime Numbers 1 to n.cpp">
      <Filter>Source Files\Course 5 %28Problem Solving%29</Filter>
    </ClCompile>
    <ClCompile Include="PS L2  P3 Perfect Number.cpp">
      <Filter>Source Files\Course 5 %28Problem Solving%29</Filter>
    </ClCompile>
    <ClCompile Include="PS L2 P4 Perfect Number from 1 to N (my).cpp">
      <Filter>Source Files\Course 5 %28Problem Solving%29</Filter>
    </ClCompile>
    <ClCompile Include="PS L2 P5 Print Digits in a reversed order.cpp">
      <Filter>Source Files\Course 5 %28Problem Solving%29</Filter>
    </ClCompile>
    <ClCompile Include="PS L2 P6 sum of Digits.cpp">
      <Filter>Source Files\Course 5 %28Problem Solving%29</Filter>
    </ClCompile>
    <ClCompile Include="PS L2 P7 revers Number.cpp">
      <Filter>Source Files\Course 5 %28Problem Solving%29</Filter>
    </ClCompile>
    <ClCompile Include="PS L2 P8 Digit frequency.cpp">
      <Filter>Source Files\Course 5 %28Problem Solving%29</Filter>
    </ClCompile>
    <ClCompile Include="PS L2 P9 Digit Frequency.cpp">
      <Filter>Source Files\Course 5 %28Problem Solving%29</Filter>
    </ClCompile>
    <ClCompile Include="PS L2 P10  print Digits in oreder.cpp">
      <Filter>Source Files\Course 5 %28Problem Solving%29</Filter>
    </ClCompile>
  </ItemGroup>
</Project>